
Microsoft Visual Studio Solution File, Format Version 12.00
# Visual Studio Version 16
VisualStudioVersion = 16.0.30330.147
MinimumVisualStudioVersion = 10.0.40219.1
Project("{9A19103F-16F7-4668-BE54-9A1E7A4F7556}") = "web", "web.csproj", "{709655DA-D625-4D21-9499-0D874E0271F6}"
EndProject
Global
	GlobalSection(SolutionConfigurationPlatforms) = preSolution
		Debug|Any CPU = Debug|Any CPU
		Release|Any CPU = Release|Any CPU
	EndGlobalSection
	GlobalSection(ProjectConfigurationPlatforms) = postSolution
		{709655DA-D625-4D21-9499-0D874E0271F6}.Debug|Any CPU.ActiveCfg = Debug|Any CPU
		{709655DA-D625-4D21-9499-0D874E0271F6}.Debug|Any CPU.Build.0 = Debug|Any CPU
		{709655DA-D625-4D21-9499-0D874E0271F6}.Release|Any CPU.ActiveCfg = Release|Any CPU
		{709655DA-D625-4D21-9499-0D874E0271F6}.Release|Any CPU.Build.0 = Release|Any CPU
	EndGlobalSection
	GlobalSection(SolutionProperties) = preSolution
		HideSolutionNode = FALSE
	EndGlobalSection
	GlobalSection(ExtensibilityGlobals) = postSolution
		SolutionGuid = {2309419B-7732-4512-A2F2-F2CA49F1E5AE}
	EndGlobalSection
EndGlobal
